
Microsoft Visual Studio Solution File, Format Version 12.00
# Visual Studio 15
VisualStudioVersion = 15.0.28010.2019
MinimumVisualStudioVersion = 10.0.40219.1
Project("{8BC9CEB8-8B4A-11D0-8D11-00A0C91BC942}") = "5laba10slugashii", "5laba10slugashii\5laba10slugashii.vcxproj", "{A270B795-B71F-4063-8CF2-F9E4397EDF82}"
EndProject
Global
	GlobalSection(SolutionConfigurationPlatforms) = preSolution
		Debug|x64 = Debug|x64
		Debug|x86 = Debug|x86
		Release|x64 = Release|x64
		Release|x86 = Release|x86
	EndGlobalSection
	GlobalSection(ProjectConfigurationPlatforms) = postSolution
		{A270B795-B71F-4063-8CF2-F9E4397EDF82}.Debug|x64.ActiveCfg = Debug|x64
		{A270B795-B71F-4063-8CF2-F9E4397EDF82}.Debug|x64.Build.0 = Debug|x64
		{A270B795-B71F-4063-8CF2-F9E4397EDF82}.Debug|x86.ActiveCfg = Debug|Win32
		{A270B795-B71F-4063-8CF2-F9E4397EDF82}.Debug|x86.Build.0 = Debug|Win32
		{A270B795-B71F-4063-8CF2-F9E4397EDF82}.Release|x64.ActiveCfg = Release|x64
		{A270B795-B71F-4063-8CF2-F9E4397EDF82}.Release|x64.Build.0 = Release|x64
		{A270B795-B71F-4063-8CF2-F9E4397EDF82}.Release|x86.ActiveCfg = Release|Win32
		{A270B795-B71F-4063-8CF2-F9E4397EDF82}.Release|x86.Build.0 = Release|Win32
	EndGlobalSection
	GlobalSection(SolutionProperties) = preSolution
		HideSolutionNode = FALSE
	EndGlobalSection
	GlobalSection(ExtensibilityGlobals) = postSolution
		SolutionGuid = {F57085EF-7D87-4803-B46A-0ADC9E23729F}
	EndGlobalSection
EndGlobal
